{
  "name": "xlwings-server",
  "lockfileVersion": 3,
  "requires": true,
  "packages": {
    "": {
      "dependencies": {
        "@alpinejs/csp": "3.14.1",
        "@microsoft/office-js": "1.1.93",
        "bootstrap": "5.3.3",
        "bootstrap-xlwings": "github:xlwings/bootstrap-xlwings#5.3.3-1",
        "htmx-ext-head-support": "2.0.2",
        "htmx-ext-loading-states": "2.0.0",
        "htmx.org": "2.0.2",
        "socket.io": "4.7.5",
        "xlwings": "github:xlwings/xlwings#0.32.2"
      },
      "devDependencies": {
        "@types/alpinejs": "3.13.10",
        "prettier": "3.3.3",
        "prettier-plugin-jinja-template": "1.5.0"
      }
    },
    "node_modules/@alpinejs/csp": {
      "version": "3.14.1",
      "resolved": "https://registry.npmjs.org/@alpinejs/csp/-/csp-3.14.1.tgz",
      "integrity": "sha512-tNbXcAWDvRmzM/Cxx2HBpHg9kOGmRTYSw/RziA4kUFBu9rJfKk4vflrLr3gLGu1ocji4CQq1Zn44iv1TsBA8lQ==",
      "dependencies": {
        "@vue/reactivity": "~3.1.1"
      }
    },
    "node_modules/@microsoft/office-js": {
      "version": "1.1.93",
      "resolved": "https://registry.npmjs.org/@microsoft/office-js/-/office-js-1.1.93.tgz",
      "integrity": "sha512-78dF27gGALW9SO03xUuaCyxSAjRigeiH1WEjX3Zbw5tccE69E5L/cYMUh2H0CBHDdYS8sNSZv/YZU4SO3xH1nA==",
      "engines": {
        "node": ">=6.9.4"
      }
    },
    "node_modules/@popperjs/core": {
      "version": "2.11.8",
      "resolved": "https://registry.npmjs.org/@popperjs/core/-/core-2.11.8.tgz",
      "integrity": "sha512-P1st0aksCrn9sGZhp8GMYwBnQsbvAWsZAX44oXNNvLHGqAOcoVxmjZiohstwQ7SqKnbR47akdNi+uleWD8+g6A==",
      "funding": {
        "type": "opencollective",
        "url": "https://opencollective.com/popperjs"
      }
    },
    "node_modules/@socket.io/component-emitter": {
      "version": "3.1.2",
      "resolved": "https://registry.npmjs.org/@socket.io/component-emitter/-/component-emitter-3.1.2.tgz",
      "integrity": "sha512-9BCxFwvbGg/RsZK9tjXd8s4UcwR0MWeFQ1XEKIQVVvAGJyINdrqKMcTRyLoK8Rse1GjzLV9cwjWV1olXRWEXVA=="
    },
    "node_modules/@types/alpinejs": {
      "version": "3.13.10",
      "resolved": "https://registry.npmjs.org/@types/alpinejs/-/alpinejs-3.13.10.tgz",
      "integrity": "sha512-ah53tF6mWuuwerpDE7EHwbZErNDJQlsLISPqJhYj2RZ9nuTYbRknSkqebUd3igkhLIZKkPa7IiXjSn9qsU9O2w==",
      "dev": true
    },
    "node_modules/@types/cookie": {
      "version": "0.4.1",
      "resolved": "https://registry.npmjs.org/@types/cookie/-/cookie-0.4.1.tgz",
      "integrity": "sha512-XW/Aa8APYr6jSVVA1y/DEIZX0/GMKLEVekNG727R8cs56ahETkRAy/3DR7+fJyh7oUgGwNQaRfXCun0+KbWY7Q=="
    },
    "node_modules/@types/cors": {
      "version": "2.8.17",
      "resolved": "https://registry.npmjs.org/@types/cors/-/cors-2.8.17.tgz",
      "integrity": "sha512-8CGDvrBj1zgo2qE+oS3pOCyYNqCPryMWY2bGfwA0dcfopWGgxs+78df0Rs3rc9THP4JkOhLsAa+15VdpAqkcUA==",
      "dependencies": {
        "@types/node": "*"
      }
    },
    "node_modules/@types/node": {
      "version": "22.5.4",
      "resolved": "https://registry.npmjs.org/@types/node/-/node-22.5.4.tgz",
      "integrity": "sha512-FDuKUJQm/ju9fT/SeX/6+gBzoPzlVCzfzmGkwKvRHQVxi4BntVbyIwf6a4Xn62mrvndLiml6z/UBXIdEVjQLXg==",
      "dependencies": {
        "undici-types": "~6.19.2"
      }
    },
    "node_modules/@vue/reactivity": {
      "version": "3.1.5",
      "resolved": "https://registry.npmjs.org/@vue/reactivity/-/reactivity-3.1.5.tgz",
      "integrity": "sha512-1tdfLmNjWG6t/CsPldh+foumYFo3cpyCHgBYQ34ylaMsJ+SNHQ1kApMIa8jN+i593zQuaw3AdWH0nJTARzCFhg==",
      "dependencies": {
        "@vue/shared": "3.1.5"
      }
    },
    "node_modules/@vue/shared": {
      "version": "3.1.5",
      "resolved": "https://registry.npmjs.org/@vue/shared/-/shared-3.1.5.tgz",
      "integrity": "sha512-oJ4F3TnvpXaQwZJNF3ZK+kLPHKarDmJjJ6jyzVNDKH9md1dptjC7lWR//jrGuLdek/U6iltWxqAnYOu8gCiOvA=="
    },
    "node_modules/accepts": {
      "version": "1.3.8",
      "resolved": "https://registry.npmjs.org/accepts/-/accepts-1.3.8.tgz",
      "integrity": "sha512-PYAthTa2m2VKxuvSD3DPC/Gy+U+sOA1LAuT8mkmRuvw+NACSaeXEQ+NHcVF7rONl6qcaxV3Uuemwawk+7+SJLw==",
      "dependencies": {
        "mime-types": "~2.1.34",
        "negotiator": "0.6.3"
      },
      "engines": {
        "node": ">= 0.6"
      }
    },
    "node_modules/base64id": {
      "version": "2.0.0",
      "resolved": "https://registry.npmjs.org/base64id/-/base64id-2.0.0.tgz",
      "integrity": "sha512-lGe34o6EHj9y3Kts9R4ZYs/Gr+6N7MCaMlIFA3F1R2O5/m7K06AxfSeO5530PEERE6/WyEg3lsuyw4GHlPZHog==",
      "engines": {
        "node": "^4.5.0 || >= 5.9"
      }
    },
    "node_modules/bootstrap": {
      "version": "5.3.3",
      "resolved": "https://registry.npmjs.org/bootstrap/-/bootstrap-5.3.3.tgz",
      "integrity": "sha512-8HLCdWgyoMguSO9o+aH+iuZ+aht+mzW0u3HIMzVu7Srrpv7EBBxTnrFlSCskwdY1+EOFQSm7uMJhNQHkdPcmjg==",
      "funding": [
        {
          "type": "github",
          "url": "https://github.com/sponsors/twbs"
        },
        {
          "type": "opencollective",
          "url": "https://opencollective.com/bootstrap"
        }
      ],
      "peerDependencies": {
        "@popperjs/core": "^2.11.8"
      }
    },
    "node_modules/bootstrap-xlwings": {
      "resolved": "git+ssh://git@github.com/xlwings/bootstrap-xlwings.git#c2274a5337392eb2e7798363a28edc8808dbb95f",
      "license": "MIT",
      "dependencies": {
        "@popperjs/core": "^2.11.8",
        "bootstrap": "^5.3.3"
      }
    },
    "node_modules/cookie": {
      "version": "0.4.2",
      "resolved": "https://registry.npmjs.org/cookie/-/cookie-0.4.2.tgz",
      "integrity": "sha512-aSWTXFzaKWkvHO1Ny/s+ePFpvKsPnjc551iI41v3ny/ow6tBG5Vd+FuqGNhh1LxOmVzOlGUriIlOaokOvhaStA==",
      "engines": {
        "node": ">= 0.6"
      }
    },
    "node_modules/cors": {
      "version": "2.8.5",
      "resolved": "https://registry.npmjs.org/cors/-/cors-2.8.5.tgz",
      "integrity": "sha512-KIHbLJqu73RGr/hnbrO9uBeixNGuvSQjul/jdFvS/KFSIH1hWVd1ng7zOHx+YrEfInLG7q4n6GHQ9cDtxv/P6g==",
      "dependencies": {
        "object-assign": "^4",
        "vary": "^1"
      },
      "engines": {
        "node": ">= 0.10"
      }
    },
    "node_modules/debug": {
      "version": "4.3.7",
      "resolved": "https://registry.npmjs.org/debug/-/debug-4.3.7.tgz",
      "integrity": "sha512-Er2nc/H7RrMXZBFCEim6TCmMk02Z8vLC2Rbi1KEBggpo0fS6l0S1nnapwmIi3yW/+GOJap1Krg4w0Hg80oCqgQ==",
      "dependencies": {
        "ms": "^2.1.3"
      },
      "engines": {
        "node": ">=6.0"
      },
      "peerDependenciesMeta": {
        "supports-color": {
          "optional": true
        }
      }
    },
    "node_modules/engine.io": {
      "version": "6.5.5",
      "resolved": "https://registry.npmjs.org/engine.io/-/engine.io-6.5.5.tgz",
      "integrity": "sha512-C5Pn8Wk+1vKBoHghJODM63yk8MvrO9EWZUfkAt5HAqIgPE4/8FF0PEGHXtEd40l223+cE5ABWuPzm38PHFXfMA==",
      "dependencies": {
        "@types/cookie": "^0.4.1",
        "@types/cors": "^2.8.12",
        "@types/node": ">=10.0.0",
        "accepts": "~1.3.4",
        "base64id": "2.0.0",
        "cookie": "~0.4.1",
        "cors": "~2.8.5",
        "debug": "~4.3.1",
        "engine.io-parser": "~5.2.1",
        "ws": "~8.17.1"
      },
      "engines": {
        "node": ">=10.2.0"
      }
    },
    "node_modules/engine.io-parser": {
      "version": "5.2.3",
      "resolved": "https://registry.npmjs.org/engine.io-parser/-/engine.io-parser-5.2.3.tgz",
      "integrity": "sha512-HqD3yTBfnBxIrbnM1DoD6Pcq8NECnh8d4As1Qgh0z5Gg3jRRIqijury0CL3ghu/edArpUYiYqQiDUQBIs4np3Q==",
      "engines": {
        "node": ">=10.0.0"
      }
    },
    "node_modules/htmx-ext-head-support": {
      "version": "2.0.2",
      "resolved": "https://registry.npmjs.org/htmx-ext-head-support/-/htmx-ext-head-support-2.0.2.tgz",
      "integrity": "sha512-vDfp5d97tqUVg6XQ297C8QyPUUVWWfo6u0nXsZJw/tqgzy+OMPpEXnWzMU3URG01iEfoPIyWRMnnhplmX4ymMw=="
    },
    "node_modules/htmx-ext-loading-states": {
      "version": "2.0.0",
      "resolved": "https://registry.npmjs.org/htmx-ext-loading-states/-/htmx-ext-loading-states-2.0.0.tgz",
      "integrity": "sha512-IpkYmfl+pzX06dsc4XlL6qozDQSxBCLhWjgBCVV3psRL9xfUPMuz19Dbh5RLdupHnUHWZZzb8IX5oQU5YbVbHQ=="
    },
    "node_modules/htmx.org": {
      "version": "2.0.2",
      "resolved": "https://registry.npmjs.org/htmx.org/-/htmx.org-2.0.2.tgz",
      "integrity": "sha512-eUPIpQaWKKstX393XNCRCMJTrqPzikh36Y9RceqsUZLTtlFjFaVDgwZLUsrFk8J2uzZxkkfiy0TE359j2eN6hA=="
    },
    "node_modules/mime-db": {
      "version": "1.52.0",
      "resolved": "https://registry.npmjs.org/mime-db/-/mime-db-1.52.0.tgz",
      "integrity": "sha512-sPU4uV7dYlvtWJxwwxHD0PuihVNiE7TyAbQ5SWxDCB9mUYvOgroQOwYQQOKPJ8CIbE+1ETVlOoK1UC2nU3gYvg==",
      "engines": {
        "node": ">= 0.6"
      }
    },
    "node_modules/mime-types": {
      "version": "2.1.35",
      "resolved": "https://registry.npmjs.org/mime-types/-/mime-types-2.1.35.tgz",
      "integrity": "sha512-ZDY+bPm5zTTF+YpCrAU9nK0UgICYPT0QtT1NZWFv4s++TNkcgVaT0g6+4R2uI4MjQjzysHB1zxuWL50hzaeXiw==",
      "dependencies": {
        "mime-db": "1.52.0"
      },
      "engines": {
        "node": ">= 0.6"
      }
    },
    "node_modules/ms": {
      "version": "2.1.3",
      "resolved": "https://registry.npmjs.org/ms/-/ms-2.1.3.tgz",
      "integrity": "sha512-6FlzubTLZG3J2a/NVCAleEhjzq5oxgHyaCU9yYXvcLsvoVaHJq/s5xXI6/XXP6tz7R9xAOtHnSO/tXtF3WRTlA=="
    },
    "node_modules/negotiator": {
      "version": "0.6.3",
      "resolved": "https://registry.npmjs.org/negotiator/-/negotiator-0.6.3.tgz",
      "integrity": "sha512-+EUsqGPLsM+j/zdChZjsnX51g4XrHFOIXwfnCVPGlQk/k5giakcKsuxCObBRu6DSm9opw/O6slWbJdghQM4bBg==",
      "engines": {
        "node": ">= 0.6"
      }
    },
    "node_modules/object-assign": {
      "version": "4.1.1",
      "resolved": "https://registry.npmjs.org/object-assign/-/object-assign-4.1.1.tgz",
      "integrity": "sha512-rJgTQnkUnH1sFw8yT6VSU3zD3sWmu6sZhIseY8VX+GRu3P6F7Fu+JNDoXfklElbLJSnc3FUQHVe4cU5hj+BcUg==",
      "engines": {
        "node": ">=0.10.0"
      }
    },
    "node_modules/prettier": {
      "version": "3.3.3",
      "resolved": "https://registry.npmjs.org/prettier/-/prettier-3.3.3.tgz",
      "integrity": "sha512-i2tDNA0O5IrMO757lfrdQZCc2jPNDVntV0m/+4whiDfWaTKfMNgR7Qz0NAeGz/nRqF4m5/6CLzbP4/liHt12Ew==",
      "dev": true,
      "bin": {
        "prettier": "bin/prettier.cjs"
      },
      "engines": {
        "node": ">=14"
      },
      "funding": {
        "url": "https://github.com/prettier/prettier?sponsor=1"
      }
    },
    "node_modules/prettier-plugin-jinja-template": {
      "version": "1.5.0",
      "resolved": "https://registry.npmjs.org/prettier-plugin-jinja-template/-/prettier-plugin-jinja-template-1.5.0.tgz",
      "integrity": "sha512-gLOnCmM8j/psoO+s1L/M3chKmZEO7zrqhodbD+xRONrmOaYhU7Y9gLxlTVm++MeuRt3hA0jev6TmIlNFcr2hYA==",
      "dev": true,
      "peerDependencies": {
        "prettier": "^3.0.0"
      }
    },
    "node_modules/socket.io": {
      "version": "4.7.5",
      "resolved": "https://registry.npmjs.org/socket.io/-/socket.io-4.7.5.tgz",
      "integrity": "sha512-DmeAkF6cwM9jSfmp6Dr/5/mfMwb5Z5qRrSXLpo3Fq5SqyU8CMF15jIN4ZhfSwu35ksM1qmHZDQ/DK5XTccSTvA==",
      "dependencies": {
        "accepts": "~1.3.4",
        "base64id": "~2.0.0",
        "cors": "~2.8.5",
        "debug": "~4.3.2",
        "engine.io": "~6.5.2",
        "socket.io-adapter": "~2.5.2",
        "socket.io-parser": "~4.2.4"
      },
      "engines": {
        "node": ">=10.2.0"
      }
    },
    "node_modules/socket.io-adapter": {
      "version": "2.5.5",
      "resolved": "https://registry.npmjs.org/socket.io-adapter/-/socket.io-adapter-2.5.5.tgz",
      "integrity": "sha512-eLDQas5dzPgOWCk9GuuJC2lBqItuhKI4uxGgo9aIV7MYbk2h9Q6uULEh8WBzThoI7l+qU9Ast9fVUmkqPP9wYg==",
      "dependencies": {
        "debug": "~4.3.4",
        "ws": "~8.17.1"
      }
    },
    "node_modules/socket.io-parser": {
      "version": "4.2.4",
      "resolved": "https://registry.npmjs.org/socket.io-parser/-/socket.io-parser-4.2.4.tgz",
      "integrity": "sha512-/GbIKmo8ioc+NIWIhwdecY0ge+qVBSMdgxGygevmdHj24bsfgtCmcUUcQ5ZzcylGFHsN3k4HB4Cgkl96KVnuew==",
      "dependencies": {
        "@socket.io/component-emitter": "~3.1.0",
        "debug": "~4.3.1"
      },
      "engines": {
        "node": ">=10.0.0"
      }
    },
    "node_modules/undici-types": {
      "version": "6.19.8",
      "resolved": "https://registry.npmjs.org/undici-types/-/undici-types-6.19.8.tgz",
      "integrity": "sha512-ve2KP6f/JnbPBFyobGHuerC9g1FYGn/F8n1LWTwNxCEzd6IfqTwUQcNXgEtmmQ6DlRrC1hrSrBnCZPokRrDHjw=="
    },
    "node_modules/vary": {
      "version": "1.1.2",
      "resolved": "https://registry.npmjs.org/vary/-/vary-1.1.2.tgz",
      "integrity": "sha512-BNGbWLfd0eUPabhkXUVm0j8uuvREyTh5ovRa/dyow/BqAbZJyC+5fU+IzQOzmAKzYqYRAISoRhdQr3eIZ/PXqg==",
      "engines": {
        "node": ">= 0.8"
      }
    },
    "node_modules/ws": {
      "version": "8.17.1",
      "resolved": "https://registry.npmjs.org/ws/-/ws-8.17.1.tgz",
      "integrity": "sha512-6XQFvXTkbfUOZOKKILFG1PDK2NDQs4azKQl26T0YS5CxqWLgXajbPZ+h4gZekJyRqFU8pvnbAbbs/3TgRPy+GQ==",
      "engines": {
        "node": ">=10.0.0"
      },
      "peerDependencies": {
        "bufferutil": "^4.0.1",
        "utf-8-validate": ">=5.0.2"
      },
      "peerDependenciesMeta": {
        "bufferutil": {
          "optional": true
        },
        "utf-8-validate": {
          "optional": true
        }
      }
    },
    "node_modules/xlwings": {
      "version": "0.32.2",
      "resolved": "git+ssh://git@github.com/xlwings/xlwings.git#6f26baf2f6f0da382c0e7e710ce3824003820f9b",
      "license": "LICENSE.txt"
    }
  }
}
